schema: '2.0'
stages:
  dump_samples:
    cmd: python -m src dump_samples
    deps:
    - path: src/create_samples.py
      md5: 563ac57e981f65d0317ed37ec2d0fb90
      size: 953
    outs:
    - path: data/sample
      md5: 0c9a4a12d05d6572a3330190e7ffa7ce.dir
      size: 1359202248
      nfiles: 222
